// !$*UTF8*$!
{
	archiveVersion = 1;
	classes = {
	};
	objectVersion = 48;
	objects = {

/* Begin PBXBuildFile section */
		91782093D51B4D57B0E382B5 /* Pods_AHFM.framework in Frameworks */ = {isa = PBXBuildFile; fileRef = 0ECC6C8A35BDD3231EA8AF2E /* Pods_AHFM.framework */; };
		A17A07E31F8C293B00F86CDD /* AppDelegate.swift in Sources */ = {isa = PBXBuildFile; fileRef = A17A07E21F8C293B00F86CDD /* AppDelegate.swift */; };
		A17A07EA1F8C293B00F86CDD /* Assets.xcassets in Resources */ = {isa = PBXBuildFile; fileRef = A17A07E91F8C293B00F86CDD /* Assets.xcassets */; };
		A17A07ED1F8C293B00F86CDD /* LaunchScreen.storyboard in Resources */ = {isa = PBXBuildFile; fileRef = A17A07EB1F8C293B00F86CDD /* LaunchScreen.storyboard */; };
/* End PBXBuildFile section */

/* Begin PBXFileReference section */
		0ECC6C8A35BDD3231EA8AF2E /* Pods_AHFM.framework */ = {isa = PBXFileReference; explicitFileType = wrapper.framework; includeInIndex = 0; path = Pods_AHFM.framework; sourceTree = BUILT_PRODUCTS_DIR; };
		2005A6891B3BA0C34C56C0E2 /* Pods-AHFM.release.xcconfig */ = {isa = PBXFileReference; includeInIndex = 1; lastKnownFileType = text.xcconfig; name = "Pods-AHFM.release.xcconfig"; path = "Pods/Target Support Files/Pods-AHFM/Pods-AHFM.release.xcconfig"; sourceTree = "<group>"; };
		425CE21604F7B4DDB745F3D9 /* Pods-AHFM.debug.xcconfig */ = {isa = PBXFileReference; includeInIndex = 1; lastKnownFileType = text.xcconfig; name = "Pods-AHFM.debug.xcconfig"; path = "Pods/Target Support Files/Pods-AHFM/Pods-AHFM.debug.xcconfig"; sourceTree = "<group>"; };
		A17A07DF1F8C293B00F86CDD /* AHFM.app */ = {isa = PBXFileReference; explicitFileType = wrapper.application; includeInIndex = 0; path = AHFM.app; sourceTree = BUILT_PRODUCTS_DIR; };
		A17A07E21F8C293B00F86CDD /* AppDelegate.swift */ = {isa = PBXFileReference; lastKnownFileType = sourcecode.swift; path = AppDelegate.swift; sourceTree = "<group>"; };
		A17A07E91F8C293B00F86CDD /* Assets.xcassets */ = {isa = PBXFileReference; lastKnownFileType = folder.assetcatalog; path = Assets.xcassets; sourceTree = "<group>"; };
		A17A07EC1F8C293B00F86CDD /* Base */ = {isa = PBXFileReference; lastKnownFileType = file.storyboard; name = Base; path = Base.lproj/LaunchScreen.storyboard; sourceTree = "<group>"; };
		A17A07EE1F8C293B00F86CDD /* Info.plist */ = {isa = PBXFileReference; lastKnownFileType = text.plist.xml; path = Info.plist; sourceTree = "<group>"; };
/* End PBXFileReference section */

/* Begin PBXFrameworksBuildPhase section */
		A17A07DC1F8C293B00F86CDD /* Frameworks */ = {
			isa = PBXFrameworksBuildPhase;
			buildActionMask = 2147483647;
			files = (
				91782093D51B4D57B0E382B5 /* Pods_AHFM.framework in Frameworks */,
			);
			runOnlyForDeploymentPostprocessing = 0;
		};
/* End PBXFrameworksBuildPhase section */

/* Begin PBXGroup section */
		246BE711476B5C0D2D48164A /* Pods */ = {
			isa = PBXGroup;
			children = (
				425CE21604F7B4DDB745F3D9 /* Pods-AHFM.debug.xcconfig */,
				2005A6891B3BA0C34C56C0E2 /* Pods-AHFM.release.xcconfig */,
			);
			name = Pods;
			sourceTree = "<group>";
		};
		A17A07D61F8C293B00F86CDD = {
			isa = PBXGroup;
			children = (
				A17A07E11F8C293B00F86CDD /* AHFM */,
				A17A07E01F8C293B00F86CDD /* Products */,
				246BE711476B5C0D2D48164A /* Pods */,
				B55A3A95B02CEF3B22775283 /* Frameworks */,
			);
			sourceTree = "<group>";
		};
		A17A07E01F8C293B00F86CDD /* Products */ = {
			isa = PBXGroup;
			children = (
				A17A07DF1F8C293B00F86CDD /* AHFM.app */,
			);
			name = Products;
			sourceTree = "<group>";
		};
		A17A07E11F8C293B00F86CDD /* AHFM */ = {
			isa = PBXGroup;
			children = (
				A17A07E21F8C293B00F86CDD /* AppDelegate.swift */,
				A17A07E91F8C293B00F86CDD /* Assets.xcassets */,
				A17A07EB1F8C293B00F86CDD /* LaunchScreen.storyboard */,
				A17A07EE1F8C293B00F86CDD /* Info.plist */,
			);
			path = AHFM;
			sourceTree = "<group>";
		};
		B55A3A95B02CEF3B22775283 /* Frameworks */ = {
			isa = PBXGroup;
			children = (
				0ECC6C8A35BDD3231EA8AF2E /* Pods_AHFM.framework */,
			);
			name = Frameworks;
			sourceTree = "<group>";
		};
/* End PBXGroup section */

/* Begin PBXNativeTarget section */
		A17A07DE1F8C293B00F86CDD /* AHFM */ = {
			isa = PBXNativeTarget;
			buildConfigurationList = A17A07F11F8C293B00F86CDD /* Build configuration list for PBXNativeTarget "AHFM" */;
			buildPhases = (
				EEF06EF2CBF51D5EF2368612 /* [CP] Check Pods Manifest.lock */,
				A17A07DB1F8C293B00F86CDD /* Sources */,
				A17A07DC1F8C293B00F86CDD /* Frameworks */,
				A17A07DD1F8C293B00F86CDD /* Resources */,
				3DA9E1E03C79D49876402ADA /* [CP] Embed Pods Frameworks */,
				F6A3D6DE33DCF584D894BC35 /* [CP] Copy Pods Resources */,
			);
			buildRules = (
			);
			dependencies = (
			);
			name = AHFM;
			productName = AHFM;
			productReference = A17A07DF1F8C293B00F86CDD /* AHFM.app */;
			productType = "com.apple.product-type.application";
		};
/* End PBXNativeTarget section */

/* Begin PBXProject section */
		A17A07D71F8C293B00F86CDD /* Project object */ = {
			isa = PBXProject;
			attributes = {
				LastSwiftUpdateCheck = 0900;
				LastUpgradeCheck = 0900;
				ORGANIZATIONNAME = "Andy Tong";
				TargetAttributes = {
					A17A07DE1F8C293B00F86CDD = {
						CreatedOnToolsVersion = 9.0;
						SystemCapabilities = {
							com.apple.BackgroundModes = {
								enabled = 1;
							};
						};
					};
				};
			};
			buildConfigurationList = A17A07DA1F8C293B00F86CDD /* Build configuration list for PBXProject "AHFM" */;
			compatibilityVersion = "Xcode 8.0";
			developmentRegion = en;
			hasScannedForEncodings = 0;
			knownRegions = (
				en,
				Base,
			);
			mainGroup = A17A07D61F8C293B00F86CDD;
			productRefGroup = A17A07E01F8C293B00F86CDD /* Products */;
			projectDirPath = "";
			projectRoot = "";
			targets = (
				A17A07DE1F8C293B00F86CDD /* AHFM */,
			);
		};
/* End PBXProject section */

/* Begin PBXResourcesBuildPhase section */
		A17A07DD1F8C293B00F86CDD /* Resources */ = {
			isa = PBXResourcesBuildPhase;
			buildActionMask = 2147483647;
			files = (
				A17A07ED1F8C293B00F86CDD /* LaunchScreen.storyboard in Resources */,
				A17A07EA1F8C293B00F86CDD /* Assets.xcassets in Resources */,
			);
			runOnlyForDeploymentPostprocessing = 0;
		};
/* End PBXResourcesBuildPhase section */

/* Begin PBXShellScriptBuildPhase section */
		3DA9E1E03C79D49876402ADA /* [CP] Embed Pods Frameworks */ = {
			isa = PBXShellScriptBuildPhase;
			buildActionMask = 2147483647;
			files = (
			);
			inputPaths = (
				"${SRCROOT}/Pods/Target Support Files/Pods-AHFM/Pods-AHFM-frameworks.sh",
				"${BUILT_PRODUCTS_DIR}/AHAudioPlayer/AHAudioPlayer.framework",
				"${BUILT_PRODUCTS_DIR}/AHBannerView/AHBannerView.framework",
				"${BUILT_PRODUCTS_DIR}/AHCategoryView/AHCategoryView.framework",
				"${BUILT_PRODUCTS_DIR}/AHDataModel/AHDataModel.framework",
				"${BUILT_PRODUCTS_DIR}/AHDownloadTool/AHDownloadTool.framework",
				"${BUILT_PRODUCTS_DIR}/AHDownloader/AHDownloader.framework",
				"${BUILT_PRODUCTS_DIR}/AHDraggableLayout/AHDraggableLayout.framework",
				"${BUILT_PRODUCTS_DIR}/AHFMAudioPlayerManager/AHFMAudioPlayerManager.framework",
				"${BUILT_PRODUCTS_DIR}/AHFMAudioPlayerVC/AHFMAudioPlayerVC.framework",
				"${BUILT_PRODUCTS_DIR}/AHFMAudioPlayerVCManager/AHFMAudioPlayerVCManager.framework",
				"${BUILT_PRODUCTS_DIR}/AHFMAudioPlayerVCServices/AHFMAudioPlayerVCServices.framework",
				"${BUILT_PRODUCTS_DIR}/AHFMBottomPlayer/AHFMBottomPlayer.framework",
				"${BUILT_PRODUCTS_DIR}/AHFMBottomPlayerManager/AHFMBottomPlayerManager.framework",
				"${BUILT_PRODUCTS_DIR}/AHFMBottomPlayerServices/AHFMBottomPlayerServices.framework",
				"${BUILT_PRODUCTS_DIR}/AHFMCategoryVC/AHFMCategoryVC.framework",
				"${BUILT_PRODUCTS_DIR}/AHFMCategoryVCManager/AHFMCategoryVCManager.framework",
				"${BUILT_PRODUCTS_DIR}/AHFMCategoryVCServices/AHFMCategoryVCServices.framework",
				"${BUILT_PRODUCTS_DIR}/AHFMDataCenter/AHFMDataCenter.framework",
				"${BUILT_PRODUCTS_DIR}/AHFMDataTransformers/AHFMDataTransformers.framework",
				"${BUILT_PRODUCTS_DIR}/AHFMDownloadCenter/AHFMDownloadCenter.framework",
				"${BUILT_PRODUCTS_DIR}/AHFMDownloadCenterManager/AHFMDownloadCenterManager.framework",
				"${BUILT_PRODUCTS_DIR}/AHFMDownloadCenterServices/AHFMDownloadCenterServices.framework",
				"${BUILT_PRODUCTS_DIR}/AHFMDownloadList/AHFMDownloadList.framework",
				"${BUILT_PRODUCTS_DIR}/AHFMDownloadListManager/AHFMDownloadListManager.framework",
				"${BUILT_PRODUCTS_DIR}/AHFMDownloadListServices/AHFMDownloadListServices.framework",
				"${BUILT_PRODUCTS_DIR}/AHFMDownloaderManager/AHFMDownloaderManager.framework",
				"${BUILT_PRODUCTS_DIR}/AHFMEpisodeListVC/AHFMEpisodeListVC.framework",
				"${BUILT_PRODUCTS_DIR}/AHFMEpisodeListVCManager/AHFMEpisodeListVCManager.framework",
				"${BUILT_PRODUCTS_DIR}/AHFMEpisodeListVCServices/AHFMEpisodeListVCServices.framework",
				"${BUILT_PRODUCTS_DIR}/AHFMFeature/AHFMFeature.framework",
				"${BUILT_PRODUCTS_DIR}/AHFMFeatureManager/AHFMFeatureManager.framework",
				"${BUILT_PRODUCTS_DIR}/AHFMFeatureServices/AHFMFeatureServices.framework",
				"${BUILT_PRODUCTS_DIR}/AHFMHistoryVC/AHFMHistoryVC.framework",
				"${BUILT_PRODUCTS_DIR}/AHFMHistoryVCManager/AHFMHistoryVCManager.framework",
				"${BUILT_PRODUCTS_DIR}/AHFMHistoryVCServices/AHFMHistoryVCServices.framework",
				"${BUILT_PRODUCTS_DIR}/AHFMKeywordVC/AHFMKeywordVC.framework",
				"${BUILT_PRODUCTS_DIR}/AHFMKeywordVCManager/AHFMKeywordVCManager.framework",
				"${BUILT_PRODUCTS_DIR}/AHFMKeywordVCServices/AHFMKeywordVCServices.framework",
				"${BUILT_PRODUCTS_DIR}/AHFMMain/AHFMMain.framework",
				"${BUILT_PRODUCTS_DIR}/AHFMMainManager/AHFMMainManager.framework",
				"${BUILT_PRODUCTS_DIR}/AHFMMainServices/AHFMMainServices.framework",
				"${BUILT_PRODUCTS_DIR}/AHFMModuleManager/AHFMModuleManager.framework",
				"${BUILT_PRODUCTS_DIR}/AHFMNetworking/AHFMNetworking.framework",
				"${BUILT_PRODUCTS_DIR}/AHFMSearchVC/AHFMSearchVC.framework",
				"${BUILT_PRODUCTS_DIR}/AHFMSearchVCManager/AHFMSearchVCManager.framework",
				"${BUILT_PRODUCTS_DIR}/AHFMSearchVCService/AHFMSearchVCService.framework",
				"${BUILT_PRODUCTS_DIR}/AHFMSearchVCServices/AHFMSearchVCServices.framework",
				"${BUILT_PRODUCTS_DIR}/AHFMServices/AHFMServices.framework",
				"${BUILT_PRODUCTS_DIR}/AHFMShowPage/AHFMShowPage.framework",
				"${BUILT_PRODUCTS_DIR}/AHFMShowPageManger/AHFMShowPageManger.framework",
				"${BUILT_PRODUCTS_DIR}/AHFMShowPageServices/AHFMShowPageServices.framework",
				"${BUILT_PRODUCTS_DIR}/AHFMUserCenter/AHFMUserCenter.framework",
				"${BUILT_PRODUCTS_DIR}/AHFMUserCenterManager/AHFMUserCenterManager.framework",
				"${BUILT_PRODUCTS_DIR}/AHFMUserCenterServices/AHFMUserCenterServices.framework",
				"${BUILT_PRODUCTS_DIR}/AHFloatingTextView/AHFloatingTextView.framework",
				"${BUILT_PRODUCTS_DIR}/AHNibLoadable/AHNibLoadable.framework",
				"${BUILT_PRODUCTS_DIR}/AHProgressSlider/AHProgressSlider.framework",
				"${BUILT_PRODUCTS_DIR}/AHServiceRouter/AHServiceRouter.framework",
				"${BUILT_PRODUCTS_DIR}/AHStackButton/AHStackButton.framework",
				"${BUILT_PRODUCTS_DIR}/Alamofire/Alamofire.framework",
				"${BUILT_PRODUCTS_DIR}/BundleExtension/BundleExtension.framework",
				"${BUILT_PRODUCTS_DIR}/KeychainAccess/KeychainAccess.framework",
				"${BUILT_PRODUCTS_DIR}/SDWebImage/SDWebImage.framework",
				"${BUILT_PRODUCTS_DIR}/SVProgressHUD/SVProgressHUD.framework",
				"${BUILT_PRODUCTS_DIR}/StringExtension/StringExtension.framework",
				"${BUILT_PRODUCTS_DIR}/SwiftyJSON/SwiftyJSON.framework",
				"${BUILT_PRODUCTS_DIR}/UIDeviceExtension/UIDeviceExtension.framework",
				"${BUILT_PRODUCTS_DIR}/UIImageExtension/UIImageExtension.framework",
			);
			name = "[CP] Embed Pods Frameworks";
			outputPaths = (
				"${TARGET_BUILD_DIR}/${FRAMEWORKS_FOLDER_PATH}/AHAudioPlayer.framework",
				"${TARGET_BUILD_DIR}/${FRAMEWORKS_FOLDER_PATH}/AHBannerView.framework",
				"${TARGET_BUILD_DIR}/${FRAMEWORKS_FOLDER_PATH}/AHCategoryView.framework",
				"${TARGET_BUILD_DIR}/${FRAMEWORKS_FOLDER_PATH}/AHDataModel.framework",
				"${TARGET_BUILD_DIR}/${FRAMEWORKS_FOLDER_PATH}/AHDownloadTool.framework",
				"${TARGET_BUILD_DIR}/${FRAMEWORKS_FOLDER_PATH}/AHDownloader.framework",
				"${TARGET_BUILD_DIR}/${FRAMEWORKS_FOLDER_PATH}/AHDraggableLayout.framework",
				"${TARGET_BUILD_DIR}/${FRAMEWORKS_FOLDER_PATH}/AHFMAudioPlayerManager.framework",
				"${TARGET_BUILD_DIR}/${FRAMEWORKS_FOLDER_PATH}/AHFMAudioPlayerVC.framework",
				"${TARGET_BUILD_DIR}/${FRAMEWORKS_FOLDER_PATH}/AHFMAudioPlayerVCManager.framework",
				"${TARGET_BUILD_DIR}/${FRAMEWORKS_FOLDER_PATH}/AHFMAudioPlayerVCServices.framework",
				"${TARGET_BUILD_DIR}/${FRAMEWORKS_FOLDER_PATH}/AHFMBottomPlayer.framework",
				"${TARGET_BUILD_DIR}/${FRAMEWORKS_FOLDER_PATH}/AHFMBottomPlayerManager.framework",
				"${TARGET_BUILD_DIR}/${FRAMEWORKS_FOLDER_PATH}/AHFMBottomPlayerServices.framework",
				"${TARGET_BUILD_DIR}/${FRAMEWORKS_FOLDER_PATH}/AHFMCategoryVC.framework",
				"${TARGET_BUILD_DIR}/${FRAMEWORKS_FOLDER_PATH}/AHFMCategoryVCManager.framework",
				"${TARGET_BUILD_DIR}/${FRAMEWORKS_FOLDER_PATH}/AHFMCategoryVCServices.framework",
				"${TARGET_BUILD_DIR}/${FRAMEWORKS_FOLDER_PATH}/AHFMDataCenter.framework",
				"${TARGET_BUILD_DIR}/${FRAMEWORKS_FOLDER_PATH}/AHFMDataTransformers.framework",
				"${TARGET_BUILD_DIR}/${FRAMEWORKS_FOLDER_PATH}/AHFMDownloadCenter.framework",
				"${TARGET_BUILD_DIR}/${FRAMEWORKS_FOLDER_PATH}/AHFMDownloadCenterManager.framework",
				"${TARGET_BUILD_DIR}/${FRAMEWORKS_FOLDER_PATH}/AHFMDownloadCenterServices.framework",
				"${TARGET_BUILD_DIR}/${FRAMEWORKS_FOLDER_PATH}/AHFMDownloadList.framework",
				"${TARGET_BUILD_DIR}/${FRAMEWORKS_FOLDER_PATH}/AHFMDownloadListManager.framework",
				"${TARGET_BUILD_DIR}/${FRAMEWORKS_FOLDER_PATH}/AHFMDownloadListServices.framework",
				"${TARGET_BUILD_DIR}/${FRAMEWORKS_FOLDER_PATH}/AHFMDownloaderManager.framework",
				"${TARGET_BUILD_DIR}/${FRAMEWORKS_FOLDER_PATH}/AHFMEpisodeListVC.framework",
				"${TARGET_BUILD_DIR}/${FRAMEWORKS_FOLDER_PATH}/AHFMEpisodeListVCManager.framework",
				"${TARGET_BUILD_DIR}/${FRAMEWORKS_FOLDER_PATH}/AHFMEpisodeListVCServices.framework",
				"${TARGET_BUILD_DIR}/${FRAMEWORKS_FOLDER_PATH}/AHFMFeature.framework",
				"${TARGET_BUILD_DIR}/${FRAMEWORKS_FOLDER_PATH}/AHFMFeatureManager.framework",
				"${TARGET_BUILD_DIR}/${FRAMEWORKS_FOLDER_PATH}/AHFMFeatureServices.framework",
				"${TARGET_BUILD_DIR}/${FRAMEWORKS_FOLDER_PATH}/AHFMHistoryVC.framework",
				"${TARGET_BUILD_DIR}/${FRAMEWORKS_FOLDER_PATH}/AHFMHistoryVCManager.framework",
				"${TARGET_BUILD_DIR}/${FRAMEWORKS_FOLDER_PATH}/AHFMHistoryVCServices.framework",
				"${TARGET_BUILD_DIR}/${FRAMEWORKS_FOLDER_PATH}/AHFMKeywordVC.framework",
				"${TARGET_BUILD_DIR}/${FRAMEWORKS_FOLDER_PATH}/AHFMKeywordVCManager.framework",
				"${TARGET_BUILD_DIR}/${FRAMEWORKS_FOLDER_PATH}/AHFMKeywordVCServices.framework",
				"${TARGET_BUILD_DIR}/${FRAMEWORKS_FOLDER_PATH}/AHFMMain.framework",
				"${TARGET_BUILD_DIR}/${FRAMEWORKS_FOLDER_PATH}/AHFMMainManager.framework",
				"${TARGET_BUILD_DIR}/${FRAMEWORKS_FOLDER_PATH}/AHFMMainServices.framework",
				"${TARGET_BUILD_DIR}/${FRAMEWORKS_FOLDER_PATH}/AHFMModuleManager.framework",
				"${TARGET_BUILD_DIR}/${FRAMEWORKS_FOLDER_PATH}/AHFMNetworking.framework",
				"${TARGET_BUILD_DIR}/${FRAMEWORKS_FOLDER_PATH}/AHFMSearchVC.framework",
				"${TARGET_BUILD_DIR}/${FRAMEWORKS_FOLDER_PATH}/AHFMSearchVCManager.framework",
				"${TARGET_BUILD_DIR}/${FRAMEWORKS_FOLDER_PATH}/AHFMSearchVCService.framework",
				"${TARGET_BUILD_DIR}/${FRAMEWORKS_FOLDER_PATH}/AHFMSearchVCServices.framework",
				"${TARGET_BUILD_DIR}/${FRAMEWORKS_FOLDER_PATH}/AHFMServices.framework",
				"${TARGET_BUILD_DIR}/${FRAMEWORKS_FOLDER_PATH}/AHFMShowPage.framework",
				"${TARGET_BUILD_DIR}/${FRAMEWORKS_FOLDER_PATH}/AHFMShowPageManger.framework",
				"${TARGET_BUILD_DIR}/${FRAMEWORKS_FOLDER_PATH}/AHFMShowPageServices.framework",
				"${TARGET_BUILD_DIR}/${FRAMEWORKS_FOLDER_PATH}/AHFMUserCenter.framework",
				"${TARGET_BUILD_DIR}/${FRAMEWORKS_FOLDER_PATH}/AHFMUserCenterManager.framework",
				"${TARGET_BUILD_DIR}/${FRAMEWORKS_FOLDER_PATH}/AHFMUserCenterServices.framework",
				"${TARGET_BUILD_DIR}/${FRAMEWORKS_FOLDER_PATH}/AHFloatingTextView.framework",
				"${TARGET_BUILD_DIR}/${FRAMEWORKS_FOLDER_PATH}/AHNibLoadable.framework",
				"${TARGET_BUILD_DIR}/${FRAMEWORKS_FOLDER_PATH}/AHProgressSlider.framework",
				"${TARGET_BUILD_DIR}/${FRAMEWORKS_FOLDER_PATH}/AHServiceRouter.framework",
				"${TARGET_BUILD_DIR}/${FRAMEWORKS_FOLDER_PATH}/AHStackButton.framework",
				"${TARGET_BUILD_DIR}/${FRAMEWORKS_FOLDER_PATH}/Alamofire.framework",
				"${TARGET_BUILD_DIR}/${FRAMEWORKS_FOLDER_PATH}/BundleExtension.framework",
				"${TARGET_BUILD_DIR}/${FRAMEWORKS_FOLDER_PATH}/KeychainAccess.framework",
				"${TARGET_BUILD_DIR}/${FRAMEWORKS_FOLDER_PATH}/SDWebImage.framework",
				"${TARGET_BUILD_DIR}/${FRAMEWORKS_FOLDER_PATH}/SVProgressHUD.framework",
				"${TARGET_BUILD_DIR}/${FRAMEWORKS_FOLDER_PATH}/StringExtension.framework",
				"${TARGET_BUILD_DIR}/${FRAMEWORKS_FOLDER_PATH}/SwiftyJSON.framework",
				"${TARGET_BUILD_DIR}/${FRAMEWORKS_FOLDER_PATH}/UIDeviceExtension.framework",
				"${TARGET_BUILD_DIR}/${FRAMEWORKS_FOLDER_PATH}/UIImageExtension.framework",
			);
			runOnlyForDeploymentPostprocessing = 0;
			shellPath = /bin/sh;
			shellScript = "\"${SRCROOT}/Pods/Target Support Files/Pods-AHFM/Pods-AHFM-frameworks.sh\"\n";
			showEnvVarsInLog = 0;
		};
		EEF06EF2CBF51D5EF2368612 /* [CP] Check Pods Manifest.lock */ = {
			isa = PBXShellScriptBuildPhase;
			buildActionMask = 2147483647;
			files = (
			);
			inputPaths = (
				"${PODS_PODFILE_DIR_PATH}/Podfile.lock",
				"${PODS_ROOT}/Manifest.lock",
			);
			name = "[CP] Check Pods Manifest.lock";
			outputPaths = (
				"$(DERIVED_FILE_DIR)/Pods-AHFM-checkManifestLockResult.txt",
			);
			runOnlyForDeploymentPostprocessing = 0;
			shellPath = /bin/sh;
			shellScript = "diff \"${PODS_PODFILE_DIR_PATH}/Podfile.lock\" \"${PODS_ROOT}/Manifest.lock\" > /dev/null\nif [ $? != 0 ] ; then\n    # print error to STDERR\n    echo \"error: The sandbox is not in sync with the Podfile.lock. Run 'pod install' or update your CocoaPods installation.\" >&2\n    exit 1\nfi\n# This output is used by Xcode 'outputs' to avoid re-running this script phase.\necho \"SUCCESS\" > \"${SCRIPT_OUTPUT_FILE_0}\"\n";
			showEnvVarsInLog = 0;
		};
		F6A3D6DE33DCF584D894BC35 /* [CP] Copy Pods Resources */ = {
			isa = PBXShellScriptBuildPhase;
			buildActionMask = 2147483647;
			files = (
			);
			inputPaths = (
			);
			name = "[CP] Copy Pods Resources";
			outputPaths = (
			);
			runOnlyForDeploymentPostprocessing = 0;
			shellPath = /bin/sh;
			shellScript = "\"${SRCROOT}/Pods/Target Support Files/Pods-AHFM/Pods-AHFM-resources.sh\"\n";
			showEnvVarsInLog = 0;
		};
/* End PBXShellScriptBuildPhase section */

/* Begin PBXSourcesBuildPhase section */
		A17A07DB1F8C293B00F86CDD /* Sources */ = {
			isa = PBXSourcesBuildPhase;
			buildActionMask = 2147483647;
			files = (
				A17A07E31F8C293B00F86CDD /* AppDelegate.swift in Sources */,
			);
			runOnlyForDeploymentPostprocessing = 0;
		};
/* End PBXSourcesBuildPhase section */

/* Begin PBXVariantGroup section */
		A17A07EB1F8C293B00F86CDD /* LaunchScreen.storyboard */ = {
			isa = PBXVariantGroup;
			children = (
				A17A07EC1F8C293B00F86CDD /* Base */,
			);
			name = LaunchScreen.storyboard;
			sourceTree = "<group>";
		};
/* End PBXVariantGroup section */

/* Begin XCBuildConfiguration section */
		A17A07EF1F8C293B00F86CDD /* Debug */ = {
			isa = XCBuildConfiguration;
			buildSettings = {
				ALWAYS_SEARCH_USER_PATHS = NO;
				CLANG_ANALYZER_NONNULL = YES;
				CLANG_ANALYZER_NUMBER_OBJECT_CONVERSION = YES_AGGRESSIVE;
				CLANG_CXX_LANGUAGE_STANDARD = "gnu++14";
				CLANG_CXX_LIBRARY = "libc++";
				CLANG_ENABLE_MODULES = YES;
				CLANG_ENABLE_OBJC_ARC = YES;
				CLANG_WARN_BLOCK_CAPTURE_AUTORELEASING = YES;
				CLANG_WARN_BOOL_CONVERSION = YES;
				CLANG_WARN_COMMA = YES;
				CLANG_WARN_CONSTANT_CONVERSION = YES;
				CLANG_WARN_DIRECT_OBJC_ISA_USAGE = YES_ERROR;
				CLANG_WARN_DOCUMENTATION_COMMENTS = YES;
				CLANG_WARN_EMPTY_BODY = YES;
				CLANG_WARN_ENUM_CONVERSION = YES;
				CLANG_WARN_INFINITE_RECURSION = YES;
				CLANG_WARN_INT_CONVERSION = YES;
				CLANG_WARN_NON_LITERAL_NULL_CONVERSION = YES;
				CLANG_WARN_OBJC_LITERAL_CONVERSION = YES;
				CLANG_WARN_OBJC_ROOT_CLASS = YES_ERROR;
				CLANG_WARN_RANGE_LOOP_ANALYSIS = YES;
				CLANG_WARN_STRICT_PROTOTYPES = YES;
				CLANG_WARN_SUSPICIOUS_MOVE = YES;
				CLANG_WARN_UNGUARDED_AVAILABILITY = YES_AGGRESSIVE;
				CLANG_WARN_UNREACHABLE_CODE = YES;
				CLANG_WARN__DUPLICATE_METHOD_MATCH = YES;
				CODE_SIGN_IDENTITY = "iPhone Developer";
				COPY_PHASE_STRIP = NO;
				DEBUG_INFORMATION_FORMAT = dwarf;
				ENABLE_STRICT_OBJC_MSGSEND = YES;
				ENABLE_TESTABILITY = YES;
				GCC_C_LANGUAGE_STANDARD = gnu11;
				GCC_DYNAMIC_NO_PIC = NO;
				GCC_NO_COMMON_BLOCKS = YES;
				GCC_OPTIMIZATION_LEVEL = 0;
				GCC_PREPROCESSOR_DEFINITIONS = (
					"DEBUG=1",
					"$(inherited)",
				);
				GCC_WARN_64_TO_32_BIT_CONVERSION = YES;
				GCC_WARN_ABOUT_RETURN_TYPE = YES_ERROR;
				GCC_WARN_UNDECLARED_SELECTOR = YES;
				GCC_WARN_UNINITIALIZED_AUTOS = YES_AGGRESSIVE;
				GCC_WARN_UNUSED_FUNCTION = YES;
				GCC_WARN_UNUSED_VARIABLE = YES;
				IPHONEOS_DEPLOYMENT_TARGET = 10.2;
				MTL_ENABLE_DEBUG_INFO = YES;
				ONLY_ACTIVE_ARCH = YES;
				SDKROOT = iphoneos;
				SWIFT_ACTIVE_COMPILATION_CONDITIONS = DEBUG;
				SWIFT_OPTIMIZATION_LEVEL = "-Onone";
			};
			name = Debug;
		};
		A17A07F01F8C293B00F86CDD /* Release */ = {
			isa = XCBuildConfiguration;
			buildSettings = {
				ALWAYS_SEARCH_USER_PATHS = NO;
				CLANG_ANALYZER_NONNULL = YES;
				CLANG_ANALYZER_NUMBER_OBJECT_CONVERSION = YES_AGGRESSIVE;
				CLANG_CXX_LANGUAGE_STANDARD = "gnu++14";
				CLANG_CXX_LIBRARY = "libc++";
				CLANG_ENABLE_MODULES = YES;
				CLANG_ENABLE_OBJC_ARC = YES;
				CLANG_WARN_BLOCK_CAPTURE_AUTORELEASING = YES;
				CLANG_WARN_BOOL_CONVERSION = YES;
				CLANG_WARN_COMMA = YES;
				CLANG_WARN_CONSTANT_CONVERSION = YES;
				CLANG_WARN_DIRECT_OBJC_ISA_USAGE = YES_ERROR;
				CLANG_WARN_DOCUMENTATION_COMMENTS = YES;
				CLANG_WARN_EMPTY_BODY = YES;
				CLANG_WARN_ENUM_CONVERSION = YES;
				CLANG_WARN_INFINITE_RECURSION = YES;
				CLANG_WARN_INT_CONVERSION = YES;
				CLANG_WARN_NON_LITERAL_NULL_CONVERSION = YES;
				CLANG_WARN_OBJC_LITERAL_CONVERSION = YES;
				CLANG_WARN_OBJC_ROOT_CLASS = YES_ERROR;
				CLANG_WARN_RANGE_LOOP_ANALYSIS = YES;
				CLANG_WARN_STRICT_PROTOTYPES = YES;
				CLANG_WARN_SUSPICIOUS_MOVE = YES;
				CLANG_WARN_UNGUARDED_AVAILABILITY = YES_AGGRESSIVE;
				CLANG_WARN_UNREACHABLE_CODE = YES;
				CLANG_WARN__DUPLICATE_METHOD_MATCH = YES;
				CODE_SIGN_IDENTITY = "iPhone Developer";
				COPY_PHASE_STRIP = NO;
				DEBUG_INFORMATION_FORMAT = "dwarf-with-dsym";
				ENABLE_NS_ASSERTIONS = NO;
				ENABLE_STRICT_OBJC_MSGSEND = YES;
				GCC_C_LANGUAGE_STANDARD = gnu11;
				GCC_NO_COMMON_BLOCKS = YES;
				GCC_WARN_64_TO_32_BIT_CONVERSION = YES;
				GCC_WARN_ABOUT_RETURN_TYPE = YES_ERROR;
				GCC_WARN_UNDECLARED_SELECTOR = YES;
				GCC_WARN_UNINITIALIZED_AUTOS = YES_AGGRESSIVE;
				GCC_WARN_UNUSED_FUNCTION = YES;
				GCC_WARN_UNUSED_VARIABLE = YES;
				IPHONEOS_DEPLOYMENT_TARGET = 10.2;
				MTL_ENABLE_DEBUG_INFO = NO;
				SDKROOT = iphoneos;
				SWIFT_OPTIMIZATION_LEVEL = "-Owholemodule";
				VALIDATE_PRODUCT = YES;
			};
			name = Release;
		};
		A17A07F21F8C293B00F86CDD /* Debug */ = {
			isa = XCBuildConfiguration;
			baseConfigurationReference = 425CE21604F7B4DDB745F3D9 /* Pods-AHFM.debug.xcconfig */;
			buildSettings = {
				ASSETCATALOG_COMPILER_APPICON_NAME = AppIcon;
				DEVELOPMENT_TEAM = MVFF28UQZP;
				INFOPLIST_FILE = AHFM/Info.plist;
				IPHONEOS_DEPLOYMENT_TARGET = 10.2;
				LD_RUNPATH_SEARCH_PATHS = "$(inherited) @executable_path/Frameworks";
				PRODUCT_BUNDLE_IDENTIFIER = com.AndyHurricane.ios.AHFM;
				PRODUCT_NAME = "$(TARGET_NAME)";
				SWIFT_VERSION = 4.0;
				TARGETED_DEVICE_FAMILY = 1;
			};
			name = Debug;
		};
		A17A07F31F8C293B00F86CDD /* Release */ = {
			isa = XCBuildConfiguration;
			baseConfigurationReference = 2005A6891B3BA0C34C56C0E2 /* Pods-AHFM.release.xcconfig */;
			buildSettings = {
				ASSETCATALOG_COMPILER_APPICON_NAME = AppIcon;
				DEVELOPMENT_TEAM = MVFF28UQZP;
				INFOPLIST_FILE = AHFM/Info.plist;
				IPHONEOS_DEPLOYMENT_TARGET = 10.2;
				LD_RUNPATH_SEARCH_PATHS = "$(inherited) @executable_path/Frameworks";
				PRODUCT_BUNDLE_IDENTIFIER = com.AndyHurricane.ios.AHFM;
				PRODUCT_NAME = "$(TARGET_NAME)";
				SWIFT_VERSION = 4.0;
				TARGETED_DEVICE_FAMILY = 1;
			};
			name = Release;
		};
/* End XCBuildConfiguration section */

/* Begin XCConfigurationList section */
		A17A07DA1F8C293B00F86CDD /* Build configuration list for PBXProject "AHFM" */ = {
			isa = XCConfigurationList;
			buildConfigurations = (
				A17A07EF1F8C293B00F86CDD /* Debug */,
				A17A07F01F8C293B00F86CDD /* Release */,
			);
			defaultConfigurationIsVisible = 0;
			defaultConfigurationName = Release;
		};
		A17A07F11F8C293B00F86CDD /* Build configuration list for PBXNativeTarget "AHFM" */ = {
			isa = XCConfigurationList;
			buildConfigurations = (
				A17A07F21F8C293B00F86CDD /* Debug */,
				A17A07F31F8C293B00F86CDD /* Release */,
			);
			defaultConfigurationIsVisible = 0;
			defaultConfigurationName = Release;
		};
/* End XCConfigurationList section */
	};
	rootObject = A17A07D71F8C293B00F86CDD /* Project object */;
}
